// !$*UTF8*$!
{
	archiveVersion = 1;
	classes = {
	};
	objectVersion = 46;
	objects = {

/* Begin PBXBuildFile section */
		0216643F1A47B19F004B2846 /* main.m in Sources */ = {isa = PBXBuildFile; fileRef = 0216643E1A47B19F004B2846 /* main.m */; };
		021664421A47B19F004B2846 /* AppDelegate.m in Sources */ = {isa = PBXBuildFile; fileRef = 021664411A47B19F004B2846 /* AppDelegate.m */; };
		021664451A47B19F004B2846 /* ViewController.m in Sources */ = {isa = PBXBuildFile; fileRef = 021664441A47B19F004B2846 /* ViewController.m */; };
		021664481A47B19F004B2846 /* Main.storyboard in Resources */ = {isa = PBXBuildFile; fileRef = 021664461A47B19F004B2846 /* Main.storyboard */; };
		0216644A1A47B19F004B2846 /* Images.xcassets in Resources */ = {isa = PBXBuildFile; fileRef = 021664491A47B19F004B2846 /* Images.xcassets */; };
		0216644D1A47B19F004B2846 /* LaunchScreen.xib in Resources */ = {isa = PBXBuildFile; fileRef = 0216644B1A47B19F004B2846 /* LaunchScreen.xib */; };
		021664591A47B19F004B2846 /* The_price_is_liteTests.m in Sources */ = {isa = PBXBuildFile; fileRef = 021664581A47B19F004B2846 /* The_price_is_liteTests.m */; };
/* End PBXBuildFile section */

/* Begin PBXContainerItemProxy section */
		021664531A47B19F004B2846 /* PBXContainerItemProxy */ = {
			isa = PBXContainerItemProxy;
			containerPortal = 021664311A47B19E004B2846 /* Project object */;
			proxyType = 1;
			remoteGlobalIDString = 021664381A47B19F004B2846;
			remoteInfo = "The price is lite";
		};
/* End PBXContainerItemProxy section */

/* Begin PBXFileReference section */
		021664391A47B19F004B2846 /* The price is lite.app */ = {isa = PBXFileReference; explicitFileType = wrapper.application; includeInIndex = 0; path = "The price is lite.app"; sourceTree = BUILT_PRODUCTS_DIR; };
		0216643D1A47B19F004B2846 /* Info.plist */ = {isa = PBXFileReference; lastKnownFileType = text.plist.xml; path = Info.plist; sourceTree = "<group>"; };
		0216643E1A47B19F004B2846 /* main.m */ = {isa = PBXFileReference; lastKnownFileType = sourcecode.c.objc; path = main.m; sourceTree = "<group>"; };
		021664401A47B19F004B2846 /* AppDelegate.h */ = {isa = PBXFileReference; lastKnownFileType = sourcecode.c.h; path = AppDelegate.h; sourceTree = "<group>"; };
		021664411A47B19F004B2846 /* AppDelegate.m */ = {isa = PBXFileReference; lastKnownFileType = sourcecode.c.objc; path = AppDelegate.m; sourceTree = "<group>"; };
		021664431A47B19F004B2846 /* ViewController.h */ = {isa = PBXFileReference; lastKnownFileType = sourcecode.c.h; path = ViewController.h; sourceTree = "<group>"; };
		021664441A47B19F004B2846 /* ViewController.m */ = {isa = PBXFileReference; lastKnownFileType = sourcecode.c.objc; path = ViewController.m; sourceTree = "<group>"; };
		021664471A47B19F004B2846 /* Base */ = {isa = PBXFileReference; lastKnownFileType = file.storyboard; name = Base; path = Base.lproj/Main.storyboard; sourceTree = "<group>"; };
		021664491A47B19F004B2846 /* Images.xcassets */ = {isa = PBXFileReference; lastKnownFileType = folder.assetcatalog; path = Images.xcassets; sourceTree = "<group>"; };
		0216644C1A47B19F004B2846 /* Base */ = {isa = PBXFileReference; lastKnownFileType = file.xib; name = Base; path = Base.lproj/LaunchScreen.xib; sourceTree = "<group>"; };
		021664521A47B19F004B2846 /* The price is liteTests.xctest */ = {isa = PBXFileReference; explicitFileType = wrapper.cfbundle; includeInIndex = 0; path = "The price is liteTests.xctest"; sourceTree = BUILT_PRODUCTS_DIR; };
		021664571A47B19F004B2846 /* Info.plist */ = {isa = PBXFileReference; lastKnownFileType = text.plist.xml; path = Info.plist; sourceTree = "<group>"; };
		021664581A47B19F004B2846 /* The_price_is_liteTests.m */ = {isa = PBXFileReference; lastKnownFileType = sourcecode.c.objc; path = The_price_is_liteTests.m; sourceTree = "<group>"; };
/* End PBXFileReference section */

/* Begin PBXFrameworksBuildPhase section */
		021664361A47B19F004B2846 /* Frameworks */ = {
			isa = PBXFrameworksBuildPhase;
			buildActionMask = 2147483647;
			files = (
			);
			runOnlyForDeploymentPostprocessing = 0;
		};
		0216644F1A47B19F004B2846 /* Frameworks */ = {
			isa = PBXFrameworksBuildPhase;
			buildActionMask = 2147483647;
			files = (
			);
			runOnlyForDeploymentPostprocessing = 0;
		};
/* End PBXFrameworksBuildPhase section */

/* Begin PBXGroup section */
		021664301A47B19E004B2846 = {
			isa = PBXGroup;
			children = (
				0216643B1A47B19F004B2846 /* The price is lite */,
				021664551A47B19F004B2846 /* The price is liteTests */,
				0216643A1A47B19F004B2846 /* Products */,
			);
			sourceTree = "<group>";
		};
		0216643A1A47B19F004B2846 /* Products */ = {
			isa = PBXGroup;
			children = (
				021664391A47B19F004B2846 /* The price is lite.app */,
				021664521A47B19F004B2846 /* The price is liteTests.xctest */,
			);
			name = Products;
			sourceTree = "<group>";
		};
		0216643B1A47B19F004B2846 /* The price is lite */ = {
			isa = PBXGroup;
			children = (
				021664401A47B19F004B2846 /* AppDelegate.h */,
				021664411A47B19F004B2846 /* AppDelegate.m */,
				021664431A47B19F004B2846 /* ViewController.h */,
				021664441A47B19F004B2846 /* ViewController.m */,
				021664461A47B19F004B2846 /* Main.storyboard */,
				021664491A47B19F004B2846 /* Images.xcassets */,
				0216644B1A47B19F004B2846 /* LaunchScreen.xib */,
				0216643C1A47B19F004B2846 /* Supporting Files */,
			);
			path = "The price is lite";
			sourceTree = "<group>";
		};
		0216643C1A47B19F004B2846 /* Supporting Files */ = {
			isa = PBXGroup;
			children = (
				0216643D1A47B19F004B2846 /* Info.plist */,
				0216643E1A47B19F004B2846 /* main.m */,
			);
			name = "Supporting Files";
			sourceTree = "<group>";
		};
		021664551A47B19F004B2846 /* The price is liteTests */ = {
			isa = PBXGroup;
			children = (
				021664581A47B19F004B2846 /* The_price_is_liteTests.m */,
				021664561A47B19F004B2846 /* Supporting Files */,
			);
			path = "The price is liteTests";
			sourceTree = "<group>";
		};
		021664561A47B19F004B2846 /* Supporting Files */ = {
			isa = PBXGroup;
			children = (
				021664571A47B19F004B2846 /* Info.plist */,
			);
			name = "Supporting Files";
			sourceTree = "<group>";
		};
/* End PBXGroup section */

/* Begin PBXNativeTarget section */
		021664381A47B19F004B2846 /* The price is lite */ = {
			isa = PBXNativeTarget;
			buildConfigurationList = 0216645C1A47B19F004B2846 /* Build configuration list for PBXNativeTarget "The price is lite" */;
			buildPhases = (
				021664351A47B19F004B2846 /* Sources */,
				021664361A47B19F004B2846 /* Frameworks */,
				021664371A47B19F004B2846 /* Resources */,
			);
			buildRules = (
			);
			dependencies = (
			);
			name = "The price is lite";
			productName = "The price is lite";
			productReference = 021664391A47B19F004B2846 /* The price is lite.app */;
			productType = "com.apple.product-type.application";
		};
		021664511A47B19F004B2846 /* The price is liteTests */ = {
			isa = PBXNativeTarget;
			buildConfigurationList = 0216645F1A47B19F004B2846 /* Build configuration list for PBXNativeTarget "The price is liteTests" */;
			buildPhases = (
				0216644E1A47B19F004B2846 /* Sources */,
				0216644F1A47B19F004B2846 /* Frameworks */,
				021664501A47B19F004B2846 /* Resources */,
			);
			buildRules = (
			);
			dependencies = (
				021664541A47B19F004B2846 /* PBXTargetDependency */,
			);
			name = "The price is liteTests";
			productName = "The price is liteTests";
			productReference = 021664521A47B19F004B2846 /* The price is liteTests.xctest */;
			productType = "com.apple.product-type.bundle.unit-test";
		};
/* End PBXNativeTarget section */

/* Begin PBXProject section */
		021664311A47B19E004B2846 /* Project object */ = {
			isa = PBXProject;
			attributes = {
				LastUpgradeCheck = 0610;
				ORGANIZATIONNAME = "Azul Engineering";
				TargetAttributes = {
					021664381A47B19F004B2846 = {
						CreatedOnToolsVersion = 6.1.1;
					};
					021664511A47B19F004B2846 = {
						CreatedOnToolsVersion = 6.1.1;
						TestTargetID = 021664381A47B19F004B2846;
					};
				};
			};
			buildConfigurationList = 021664341A47B19E004B2846 /* Build configuration list for PBXProject "The price is lite" */;
			compatibilityVersion = "Xcode 3.2";
			developmentRegion = English;
			hasScannedForEncodings = 0;
			knownRegions = (
				en,
				Base,
			);
			mainGroup = 021664301A47B19E004B2846;
			productRefGroup = 0216643A1A47B19F004B2846 /* Products */;
			projectDirPath = "";
			projectRoot = "";
			targets = (
				021664381A47B19F004B2846 /* The price is lite */,
				021664511A47B19F004B2846 /* The price is liteTests */,
			);
		};
/* End PBXProject section */

/* Begin PBXResourcesBuildPhase section */
		021664371A47B19F004B2846 /* Resources */ = {
			isa = PBXResourcesBuildPhase;
			buildActionMask = 2147483647;
			files = (
				021664481A47B19F004B2846 /* Main.storyboard in Resources */,
				0216644D1A47B19F004B2846 /* LaunchScreen.xib in Resources */,
				0216644A1A47B19F004B2846 /* Images.xcassets in Resources */,
			);
			runOnlyForDeploymentPostprocessing = 0;
		};
		021664501A47B19F004B2846 /* Resources */ = {
			isa = PBXResourcesBuildPhase;
			buildActionMask = 2147483647;
			files = (
			);
			runOnlyForDeploymentPostprocessing = 0;
		};
/* End PBXResourcesBuildPhase section */

/* Begin PBXSourcesBuildPhase section */
		021664351A47B19F004B2846 /* Sources */ = {
			isa = PBXSourcesBuildPhase;
			buildActionMask = 2147483647;
			files = (
				021664451A47B19F004B2846 /* ViewController.m in Sources */,
				021664421A47B19F004B2846 /* AppDelegate.m in Sources */,
				0216643F1A47B19F004B2846 /* main.m in Sources */,
			);
			runOnlyForDeploymentPostprocessing = 0;
		};
		0216644E1A47B19F004B2846 /* Sources */ = {
			isa = PBXSourcesBuildPhase;
			buildActionMask = 2147483647;
			files = (
				021664591A47B19F004B2846 /* The_price_is_liteTests.m in Sources */,
			);
			runOnlyForDeploymentPostprocessing = 0;
		};
/* End PBXSourcesBuildPhase section */

/* Begin PBXTargetDependency section */
		021664541A47B19F004B2846 /* PBXTargetDependency */ = {
			isa = PBXTargetDependency;
			target = 021664381A47B19F004B2846 /* The price is lite */;
			targetProxy = 021664531A47B19F004B2846 /* PBXContainerItemProxy */;
		};
/* End PBXTargetDependency section */

/* Begin PBXVariantGroup section */
		021664461A47B19F004B2846 /* Main.storyboard */ = {
			isa = PBXVariantGroup;
			children = (
				021664471A47B19F004B2846 /* Base */,
			);
			name = Main.storyboard;
			sourceTree = "<group>";
		};
		0216644B1A47B19F004B2846 /* LaunchScreen.xib */ = {
			isa = PBXVariantGroup;
			children = (
				0216644C1A47B19F004B2846 /* Base */,
			);
			name = LaunchScreen.xib;
			sourceTree = "<group>";
		};
/* End PBXVariantGroup section */

/* Begin XCBuildConfiguration section */
		0216645A1A47B19F004B2846 /* Debug */ = {
			isa = XCBuildConfiguration;
			buildSettings = {
				ALWAYS_SEARCH_USER_PATHS = NO;
				CLANG_CXX_LANGUAGE_STANDARD = "gnu++0x";
				CLANG_CXX_LIBRARY = "libc++";
				CLANG_ENABLE_MODULES = YES;
				CLANG_ENABLE_OBJC_ARC = YES;
				CLANG_WARN_BOOL_CONVERSION = YES;
				CLANG_WARN_CONSTANT_CONVERSION = YES;
				CLANG_WARN_DIRECT_OBJC_ISA_USAGE = YES_ERROR;
				CLANG_WARN_EMPTY_BODY = YES;
				CLANG_WARN_ENUM_CONVERSION = YES;
				CLANG_WARN_INT_CONVERSION = YES;
				CLANG_WARN_OBJC_ROOT_CLASS = YES_ERROR;
				CLANG_WARN_UNREACHABLE_CODE = YES;
				CLANG_WARN__DUPLICATE_METHOD_MATCH = YES;
				"CODE_SIGN_IDENTITY[sdk=iphoneos*]" = "iPhone Developer";
				COPY_PHASE_STRIP = NO;
				ENABLE_STRICT_OBJC_MSGSEND = YES;
				GCC_C_LANGUAGE_STANDARD = gnu99;
				GCC_DYNAMIC_NO_PIC = NO;
				GCC_OPTIMIZATION_LEVEL = 0;
				GCC_PREPROCESSOR_DEFINITIONS = (
					"DEBUG=1",
					"$(inherited)",
				);
				GCC_SYMBOLS_PRIVATE_EXTERN = NO;
				GCC_WARN_64_TO_32_BIT_CONVERSION = YES;
				GCC_WARN_ABOUT_RETURN_TYPE = YES_ERROR;
				GCC_WARN_UNDECLARED_SELECTOR = YES;
				GCC_WARN_UNINITIALIZED_AUTOS = YES_AGGRESSIVE;
				GCC_WARN_UNUSED_FUNCTION = YES;
				GCC_WARN_UNUSED_VARIABLE = YES;
				IPHONEOS_DEPLOYMENT_TARGET = 8.1;
				MTL_ENABLE_DEBUG_INFO = YES;
				ONLY_ACTIVE_ARCH = YES;
				SDKROOT = iphoneos;
				TARGETED_DEVICE_FAMILY = "1,2";
			};
			name = Debug;
		};
		0216645B1A47B19F004B2846 /* Release */ = {
			isa = XCBuildConfiguration;
			buildSettings = {
				ALWAYS_SEARCH_USER_PATHS = NO;
				CLANG_CXX_LANGUAGE_STANDARD = "gnu++0x";
				CLANG_CXX_LIBRARY = "libc++";
				CLANG_ENABLE_MODULES = YES;
				CLANG_ENABLE_OBJC_ARC = YES;
				CLANG_WARN_BOOL_CONVERSION = YES;
				CLANG_WARN_CONSTANT_CONVERSION = YES;
				CLANG_WARN_DIRECT_OBJC_ISA_USAGE = YES_ERROR;
				CLANG_WARN_EMPTY_BODY = YES;
				CLANG_WARN_ENUM_CONVERSION = YES;
				CLANG_WARN_INT_CONVERSION = YES;
				CLANG_WARN_OBJC_ROOT_CLASS = YES_ERROR;
				CLANG_WARN_UNREACHABLE_CODE = YES;
				CLANG_WARN__DUPLICATE_METHOD_MATCH = YES;
				"CODE_SIGN_IDENTITY[sdk=iphoneos*]" = "iPhone Developer";
				COPY_PHASE_STRIP = YES;
				ENABLE_NS_ASSERTIONS = NO;
				ENABLE_STRICT_OBJC_MSGSEND = YES;
				GCC_C_LANGUAGE_STANDARD = gnu99;
				GCC_WARN_64_TO_32_BIT_CONVERSION = YES;
				GCC_WARN_ABOUT_RETURN_TYPE = YES_ERROR;
				GCC_WARN_UNDECLARED_SELECTOR = YES;
				GCC_WARN_UNINITIALIZED_AUTOS = YES_AGGRESSIVE;
				GCC_WARN_UNUSED_FUNCTION = YES;
				GCC_WARN_UNUSED_VARIABLE = YES;
				IPHONEOS_DEPLOYMENT_TARGET = 8.1;
				MTL_ENABLE_DEBUG_INFO = NO;
				SDKROOT = iphoneos;
				TARGETED_DEVICE_FAMILY = "1,2";
				VALIDATE_PRODUCT = YES;
			};
			name = Release;
		};
		0216645D1A47B19F004B2846 /* Debug */ = {
			isa = XCBuildConfiguration;
			buildSettings = {
				ASSETCATALOG_COMPILER_APPICON_NAME = AppIcon;
				INFOPLIST_FILE = "The price is lite/Info.plist";
				LD_RUNPATH_SEARCH_PATHS = "$(inherited) @executable_path/Frameworks";
				PRODUCT_NAME = "$(TARGET_NAME)";
			};
			name = Debug;
		};
		0216645E1A47B19F004B2846 /* Release */ = {
			isa = XCBuildConfiguration;
			buildSettings = {
				ASSETCATALOG_COMPILER_APPICON_NAME = AppIcon;
				INFOPLIST_FILE = "The price is lite/Info.plist";
				LD_RUNPATH_SEARCH_PATHS = "$(inherited) @executable_path/Frameworks";
				PRODUCT_NAME = "$(TARGET_NAME)";
			};
			name = Release;
		};
		021664601A47B19F004B2846 /* Debug */ = {
			isa = XCBuildConfiguration;
			buildSettings = {
				BUNDLE_LOADER = "$(TEST_HOST)";
				FRAMEWORK_SEARCH_PATHS = (
					"$(SDKROOT)/Developer/Library/Frameworks",
					"$(inherited)",
				);
				GCC_PREPROCESSOR_DEFINITIONS = (
					"DEBUG=1",
					"$(inherited)",
				);
				INFOPLIST_FILE = "The price is liteTests/Info.plist";
				LD_RUNPATH_SEARCH_PATHS = "$(inherited) @executable_path/Frameworks @loader_path/Frameworks";
				PRODUCT_NAME = "$(TARGET_NAME)";
				TEST_HOST = "$(BUILT_PRODUCTS_DIR)/The price is lite.app/The price is lite";
			};
			name = Debug;
		};
		021664611A47B19F004B2846 /* Release */ = {
			isa = XCBuildConfiguration;
			buildSettings = {
				BUNDLE_LOADER = "$(TEST_HOST)";
				FRAMEWORK_SEARCH_PATHS = (
					"$(SDKROOT)/Developer/Library/Frameworks",
					"$(inherited)",
				);
				INFOPLIST_FILE = "The price is liteTests/Info.plist";
				LD_RUNPATH_SEARCH_PATHS = "$(inherited) @executable_path/Frameworks @loader_path/Frameworks";
				PRODUCT_NAME = "$(TARGET_NAME)";
				TEST_HOST = "$(BUILT_PRODUCTS_DIR)/The price is lite.app/The price is lite";
			};
			name = Release;
		};
/* End XCBuildConfiguration section */

/* Begin XCConfigurationList section */
		021664341A47B19E004B2846 /* Build configuration list for PBXProject "The price is lite" */ = {
			isa = XCConfigurationList;
			buildConfigurations = (
				0216645A1A47B19F004B2846 /* Debug */,
				0216645B1A47B19F004B2846 /* Release */,
			);
			defaultConfigurationIsVisible = 0;
			defaultConfigurationName = Release;
		};
		0216645C1A47B19F004B2846 /* Build configuration list for PBXNativeTarget "The price is lite" */ = {
			isa = XCConfigurationList;
			buildConfigurations = (
				0216645D1A47B19F004B2846 /* Debug */,
				0216645E1A47B19F004B2846 /* Release */,
			);
			defaultConfigurationIsVisible = 0;
		};
		0216645F1A47B19F004B2846 /* Build configuration list for PBXNativeTarget "The price is liteTests" */ = {
			isa = XCConfigurationList;
			buildConfigurations = (
				021664601A47B19F004B2846 /* Debug */,
				021664611A47B19F004B2846 /* Release */,
			);
			defaultConfigurationIsVisible = 0;
		};
/* End XCConfigurationList section */
	};
	rootObject = 021664311A47B19E004B2846 /* Project object */;
}
